
Microsoft Visual Studio Solution File, Format Version 12.00
# Visual Studio Version 17
VisualStudioVersion = 17.4.33205.214
MinimumVisualStudioVersion = 10.0.40219.1
Project("{9A19103F-16F7-4668-BE54-9A1E7A4F7556}") = "FormExample", "FormExample\FormExample.csproj", "{869A9CD9-F277-44B3-BB8B-6811DEF2CD00}"
EndProject
Project("{FAE04EC0-301F-11D3-BF4B-00C04F79EFBC}") = "Empty", "Empty\Empty.csproj", "{6A9DF11C-07ED-4977-B595-2D25FC0A8096}"
EndProject
Global
	GlobalSection(SolutionConfigurationPlatforms) = preSolution
		Debug|Any CPU = Debug|Any CPU
		Release|Any CPU = Release|Any CPU
	EndGlobalSection
	GlobalSection(ProjectConfigurationPlatforms) = postSolution
		{869A9CD9-F277-44B3-BB8B-6811DEF2CD00}.Debug|Any CPU.ActiveCfg = Debug|Any CPU
		{869A9CD9-F277-44B3-BB8B-6811DEF2CD00}.Debug|Any CPU.Build.0 = Debug|Any CPU
		{869A9CD9-F277-44B3-BB8B-6811DEF2CD00}.Release|Any CPU.ActiveCfg = Release|Any CPU
		{869A9CD9-F277-44B3-BB8B-6811DEF2CD00}.Release|Any CPU.Build.0 = Release|Any CPU
		{6A9DF11C-07ED-4977-B595-2D25FC0A8096}.Debug|Any CPU.ActiveCfg = Debug|Any CPU
		{6A9DF11C-07ED-4977-B595-2D25FC0A8096}.Debug|Any CPU.Build.0 = Debug|Any CPU
		{6A9DF11C-07ED-4977-B595-2D25FC0A8096}.Release|Any CPU.ActiveCfg = Release|Any CPU
		{6A9DF11C-07ED-4977-B595-2D25FC0A8096}.Release|Any CPU.Build.0 = Release|Any CPU
	EndGlobalSection
	GlobalSection(SolutionProperties) = preSolution
		HideSolutionNode = FALSE
	EndGlobalSection
	GlobalSection(ExtensibilityGlobals) = postSolution
		SolutionGuid = {3943D490-42D8-4C79-9F51-2E264C071296}
	EndGlobalSection
EndGlobal
