
Microsoft Visual Studio Solution File, Format Version 12.00
# Visual Studio Version 17
VisualStudioVersion = 17.2.32630.192
MinimumVisualStudioVersion = 10.0.40219.1
Project("{9A19103F-16F7-4668-BE54-9A1E7A4F7556}") = "CourseDaoApplication", "CourseDaoApplication\CourseDaoApplication.csproj", "{7832764E-158B-4E2F-812B-35ACE51808A8}"
EndProject
Project("{FAE04EC0-301F-11D3-BF4B-00C04F79EFBC}") = "CourseDaoMVC", "CourseDao\CourseDaoMVC.csproj", "{4ABD9829-A902-4CC0-8DF4-C6DF88FE5023}"
EndProject
Global
	GlobalSection(SolutionConfigurationPlatforms) = preSolution
		Debug|Any CPU = Debug|Any CPU
		Release|Any CPU = Release|Any CPU
	EndGlobalSection
	GlobalSection(ProjectConfigurationPlatforms) = postSolution
		{7832764E-158B-4E2F-812B-35ACE51808A8}.Debug|Any CPU.ActiveCfg = Debug|Any CPU
		{7832764E-158B-4E2F-812B-35ACE51808A8}.Debug|Any CPU.Build.0 = Debug|Any CPU
		{7832764E-158B-4E2F-812B-35ACE51808A8}.Release|Any CPU.ActiveCfg = Release|Any CPU
		{7832764E-158B-4E2F-812B-35ACE51808A8}.Release|Any CPU.Build.0 = Release|Any CPU
		{4ABD9829-A902-4CC0-8DF4-C6DF88FE5023}.Debug|Any CPU.ActiveCfg = Debug|Any CPU
		{4ABD9829-A902-4CC0-8DF4-C6DF88FE5023}.Debug|Any CPU.Build.0 = Debug|Any CPU
		{4ABD9829-A902-4CC0-8DF4-C6DF88FE5023}.Release|Any CPU.ActiveCfg = Release|Any CPU
		{4ABD9829-A902-4CC0-8DF4-C6DF88FE5023}.Release|Any CPU.Build.0 = Release|Any CPU
	EndGlobalSection
	GlobalSection(SolutionProperties) = preSolution
		HideSolutionNode = FALSE
	EndGlobalSection
	GlobalSection(ExtensibilityGlobals) = postSolution
		SolutionGuid = {32FBB25A-6E5C-487F-9EF2-91C15601E699}
	EndGlobalSection
EndGlobal
