
Microsoft Visual Studio Solution File, Format Version 12.00
# Visual Studio Version 17
VisualStudioVersion = 17.2.32630.192
MinimumVisualStudioVersion = 10.0.40219.1
Project("{9A19103F-16F7-4668-BE54-9A1E7A4F7556}") = "FormulaAirlineAPI", "FormulaAirlineAPI\FormulaAirlineAPI.csproj", "{C2AD35FF-07B2-4E4C-B040-C721C319AFFF}"
EndProject
Project("{FAE04EC0-301F-11D3-BF4B-00C04F79EFBC}") = "FormulaAirline.TicketProcessing1", "FormulaAirline.TicketProcessing1\FormulaAirline.TicketProcessing1.csproj", "{EB31EA20-F434-474D-A9CA-45648077C1C9}"
EndProject
Global
	GlobalSection(SolutionConfigurationPlatforms) = preSolution
		Debug|Any CPU = Debug|Any CPU
		Release|Any CPU = Release|Any CPU
	EndGlobalSection
	GlobalSection(ProjectConfigurationPlatforms) = postSolution
		{C2AD35FF-07B2-4E4C-B040-C721C319AFFF}.Debug|Any CPU.ActiveCfg = Debug|Any CPU
		{C2AD35FF-07B2-4E4C-B040-C721C319AFFF}.Debug|Any CPU.Build.0 = Debug|Any CPU
		{C2AD35FF-07B2-4E4C-B040-C721C319AFFF}.Release|Any CPU.ActiveCfg = Release|Any CPU
		{C2AD35FF-07B2-4E4C-B040-C721C319AFFF}.Release|Any CPU.Build.0 = Release|Any CPU
		{EB31EA20-F434-474D-A9CA-45648077C1C9}.Debug|Any CPU.ActiveCfg = Debug|Any CPU
		{EB31EA20-F434-474D-A9CA-45648077C1C9}.Debug|Any CPU.Build.0 = Debug|Any CPU
		{EB31EA20-F434-474D-A9CA-45648077C1C9}.Release|Any CPU.ActiveCfg = Release|Any CPU
		{EB31EA20-F434-474D-A9CA-45648077C1C9}.Release|Any CPU.Build.0 = Release|Any CPU
	EndGlobalSection
	GlobalSection(SolutionProperties) = preSolution
		HideSolutionNode = FALSE
	EndGlobalSection
	GlobalSection(ExtensibilityGlobals) = postSolution
		SolutionGuid = {866614EB-1629-4580-AA59-3DDA89022638}
	EndGlobalSection
EndGlobal
