
Microsoft Visual Studio Solution File, Format Version 12.00
# Visual Studio Version 17
VisualStudioVersion = 17.3.32929.385
MinimumVisualStudioVersion = 10.0.40219.1
Project("{9A19103F-16F7-4668-BE54-9A1E7A4F7556}") = "CSharpBasicExamples", "CSharpBasicExamples\CSharpBasicExamples.csproj", "{60E55D7C-5C18-4C4D-9E91-42CF5AF846B9}"
EndProject
Project("{9A19103F-16F7-4668-BE54-9A1E7A4F7556}") = "EnumExample", "EnumExample\EnumExample.csproj", "{5C280F95-8D59-4876-B10A-2DD0ADD2EEA2}"
EndProject
Project("{9A19103F-16F7-4668-BE54-9A1E7A4F7556}") = "StructExample", "StructExample\StructExample.csproj", "{5783D82A-471D-4DF1-94F6-012BA5BD30D9}"
EndProject
Project("{9A19103F-16F7-4668-BE54-9A1E7A4F7556}") = "TupleExample", "TupleExample\TupleExample.csproj", "{2ABF724E-1CC6-46C2-96BC-E4ACCF1A98B5}"
EndProject
Project("{9A19103F-16F7-4668-BE54-9A1E7A4F7556}") = "DynamicExample", "DynamicExample\DynamicExample.csproj", "{AC9E5FCC-DEB0-46F7-B406-19D3D4E43E29}"
EndProject
Project("{9A19103F-16F7-4668-BE54-9A1E7A4F7556}") = "StringExamples", "StringExamples\StringExamples.csproj", "{95475705-5D21-4F79-B5A3-37A1FAB451C3}"
EndProject
Project("{9A19103F-16F7-4668-BE54-9A1E7A4F7556}") = "FlowControlExamples", "FlowControlExamples\FlowControlExamples.csproj", "{32A94494-C0AB-4C9E-ACFF-AF59C232192E}"
EndProject
Project("{9A19103F-16F7-4668-BE54-9A1E7A4F7556}") = "Temp", "Temp\Temp.csproj", "{D3EB5191-9AB3-44D9-8CB8-F6B3A2E4438A}"
EndProject
Project("{9A19103F-16F7-4668-BE54-9A1E7A4F7556}") = "ConversionsExample", "ConversionsExample\ConversionsExample.csproj", "{36C0A504-5047-4497-A77A-0037CD7B939E}"
EndProject
Global
	GlobalSection(SolutionConfigurationPlatforms) = preSolution
		Debug|Any CPU = Debug|Any CPU
		Release|Any CPU = Release|Any CPU
	EndGlobalSection
	GlobalSection(ProjectConfigurationPlatforms) = postSolution
		{60E55D7C-5C18-4C4D-9E91-42CF5AF846B9}.Debug|Any CPU.ActiveCfg = Debug|Any CPU
		{60E55D7C-5C18-4C4D-9E91-42CF5AF846B9}.Debug|Any CPU.Build.0 = Debug|Any CPU
		{60E55D7C-5C18-4C4D-9E91-42CF5AF846B9}.Release|Any CPU.ActiveCfg = Release|Any CPU
		{60E55D7C-5C18-4C4D-9E91-42CF5AF846B9}.Release|Any CPU.Build.0 = Release|Any CPU
		{5C280F95-8D59-4876-B10A-2DD0ADD2EEA2}.Debug|Any CPU.ActiveCfg = Debug|Any CPU
		{5C280F95-8D59-4876-B10A-2DD0ADD2EEA2}.Debug|Any CPU.Build.0 = Debug|Any CPU
		{5C280F95-8D59-4876-B10A-2DD0ADD2EEA2}.Release|Any CPU.ActiveCfg = Release|Any CPU
		{5C280F95-8D59-4876-B10A-2DD0ADD2EEA2}.Release|Any CPU.Build.0 = Release|Any CPU
		{5783D82A-471D-4DF1-94F6-012BA5BD30D9}.Debug|Any CPU.ActiveCfg = Debug|Any CPU
		{5783D82A-471D-4DF1-94F6-012BA5BD30D9}.Debug|Any CPU.Build.0 = Debug|Any CPU
		{5783D82A-471D-4DF1-94F6-012BA5BD30D9}.Release|Any CPU.ActiveCfg = Release|Any CPU
		{5783D82A-471D-4DF1-94F6-012BA5BD30D9}.Release|Any CPU.Build.0 = Release|Any CPU
		{2ABF724E-1CC6-46C2-96BC-E4ACCF1A98B5}.Debug|Any CPU.ActiveCfg = Debug|Any CPU
		{2ABF724E-1CC6-46C2-96BC-E4ACCF1A98B5}.Debug|Any CPU.Build.0 = Debug|Any CPU
		{2ABF724E-1CC6-46C2-96BC-E4ACCF1A98B5}.Release|Any CPU.ActiveCfg = Release|Any CPU
		{2ABF724E-1CC6-46C2-96BC-E4ACCF1A98B5}.Release|Any CPU.Build.0 = Release|Any CPU
		{AC9E5FCC-DEB0-46F7-B406-19D3D4E43E29}.Debug|Any CPU.ActiveCfg = Debug|Any CPU
		{AC9E5FCC-DEB0-46F7-B406-19D3D4E43E29}.Debug|Any CPU.Build.0 = Debug|Any CPU
		{AC9E5FCC-DEB0-46F7-B406-19D3D4E43E29}.Release|Any CPU.ActiveCfg = Release|Any CPU
		{AC9E5FCC-DEB0-46F7-B406-19D3D4E43E29}.Release|Any CPU.Build.0 = Release|Any CPU
		{95475705-5D21-4F79-B5A3-37A1FAB451C3}.Debug|Any CPU.ActiveCfg = Debug|Any CPU
		{95475705-5D21-4F79-B5A3-37A1FAB451C3}.Debug|Any CPU.Build.0 = Debug|Any CPU
		{95475705-5D21-4F79-B5A3-37A1FAB451C3}.Release|Any CPU.ActiveCfg = Release|Any CPU
		{95475705-5D21-4F79-B5A3-37A1FAB451C3}.Release|Any CPU.Build.0 = Release|Any CPU
		{32A94494-C0AB-4C9E-ACFF-AF59C232192E}.Debug|Any CPU.ActiveCfg = Debug|Any CPU
		{32A94494-C0AB-4C9E-ACFF-AF59C232192E}.Debug|Any CPU.Build.0 = Debug|Any CPU
		{32A94494-C0AB-4C9E-ACFF-AF59C232192E}.Release|Any CPU.ActiveCfg = Release|Any CPU
		{32A94494-C0AB-4C9E-ACFF-AF59C232192E}.Release|Any CPU.Build.0 = Release|Any CPU
		{D3EB5191-9AB3-44D9-8CB8-F6B3A2E4438A}.Debug|Any CPU.ActiveCfg = Debug|Any CPU
		{D3EB5191-9AB3-44D9-8CB8-F6B3A2E4438A}.Debug|Any CPU.Build.0 = Debug|Any CPU
		{D3EB5191-9AB3-44D9-8CB8-F6B3A2E4438A}.Release|Any CPU.ActiveCfg = Release|Any CPU
		{D3EB5191-9AB3-44D9-8CB8-F6B3A2E4438A}.Release|Any CPU.Build.0 = Release|Any CPU
		{36C0A504-5047-4497-A77A-0037CD7B939E}.Debug|Any CPU.ActiveCfg = Debug|Any CPU
		{36C0A504-5047-4497-A77A-0037CD7B939E}.Debug|Any CPU.Build.0 = Debug|Any CPU
		{36C0A504-5047-4497-A77A-0037CD7B939E}.Release|Any CPU.ActiveCfg = Release|Any CPU
		{36C0A504-5047-4497-A77A-0037CD7B939E}.Release|Any CPU.Build.0 = Release|Any CPU
	EndGlobalSection
	GlobalSection(SolutionProperties) = preSolution
		HideSolutionNode = FALSE
	EndGlobalSection
	GlobalSection(ExtensibilityGlobals) = postSolution
		SolutionGuid = {AB30ADC3-93DD-4DB6-AA8B-159764079578}
	EndGlobalSection
EndGlobal
