
Microsoft Visual Studio Solution File, Format Version 12.00
# Visual Studio Version 17
VisualStudioVersion = 17.5.33516.290
MinimumVisualStudioVersion = 10.0.40219.1
Project("{FAE04EC0-301F-11D3-BF4B-00C04F79EFBC}") = "GitHubMonitorApp", "GitHubMonitorApp\GitHubMonitorApp.csproj", "{93F1283B-3553-4A59-823A-1A42D70F8EFA}"
EndProject
Global
	GlobalSection(SolutionConfigurationPlatforms) = preSolution
		Debug|Any CPU = Debug|Any CPU
		Release|Any CPU = Release|Any CPU
	EndGlobalSection
	GlobalSection(ProjectConfigurationPlatforms) = postSolution
		{93F1283B-3553-4A59-823A-1A42D70F8EFA}.Debug|Any CPU.ActiveCfg = Debug|Any CPU
		{93F1283B-3553-4A59-823A-1A42D70F8EFA}.Debug|Any CPU.Build.0 = Debug|Any CPU
		{93F1283B-3553-4A59-823A-1A42D70F8EFA}.Release|Any CPU.ActiveCfg = Release|Any CPU
		{93F1283B-3553-4A59-823A-1A42D70F8EFA}.Release|Any CPU.Build.0 = Release|Any CPU
	EndGlobalSection
	GlobalSection(SolutionProperties) = preSolution
		HideSolutionNode = FALSE
	EndGlobalSection
	GlobalSection(ExtensibilityGlobals) = postSolution
		SolutionGuid = {E4E5FE7E-2968-4D5F-8351-326A5A8A1BC8}
	EndGlobalSection
EndGlobal
